{
  "name": "Project-2-pair-game-master-V2-master",
  "lockfileVersion": 2,
  "requires": true,
  "packages": {
    "": {
      "dependencies": {
        "floc-off": "^1.0.2"
      }
    },
    "node_modules/floc-off": {
      "version": "1.0.2",
      "resolved": "https://registry.npmjs.org/floc-off/-/floc-off-1.0.2.tgz",
      "integrity": "sha512-OqaUEDHvUtSxz11oVvPM1R28HKqFlCJkkbWZzcyWUBiduZbdMOuWmBnwJWVUc2D6Tg3K54xG9Y5jFEeLIvwtOA=="
    }
  },
  "dependencies": {
    "floc-off": {
      "version": "1.0.2",
      "resolved": "https://registry.npmjs.org/floc-off/-/floc-off-1.0.2.tgz",
      "integrity": "sha512-OqaUEDHvUtSxz11oVvPM1R28HKqFlCJkkbWZzcyWUBiduZbdMOuWmBnwJWVUc2D6Tg3K54xG9Y5jFEeLIvwtOA=="
    }
  }
}
